
Microsoft Visual Studio Solution File, Format Version 11.00
# Visual Studio 2010
Project("{FAE04EC0-301F-11D3-BF4B-00C04F79EFBC}") = "Assembly-CSharp", "Assembly-CSharp.csproj", "{713addb1-8f46-1f31-9204-705971458879}"
EndProject
Project("{FAE04EC0-301F-11D3-BF4B-00C04F79EFBC}") = "Unity.XR.Interaction.Toolkit.Samples.DeviceSimulator", "Unity.XR.Interaction.Toolkit.Samples.DeviceSimulator.csproj", "{f984cbc2-2ebb-38ab-d110-d4d81d6d4c15}"
EndProject
Global
	GlobalSection(SolutionConfigurationPlatforms) = preSolution
		Debug|Any CPU = Debug|Any CPU
	EndGlobalSection
	GlobalSection(ProjectConfigurationPlatforms) = postSolution
		{713addb1-8f46-1f31-9204-705971458879}.Debug|Any CPU.ActiveCfg = Debug|Any CPU
		{713addb1-8f46-1f31-9204-705971458879}.Debug|Any CPU.Build.0 = Debug|Any CPU
		{f984cbc2-2ebb-38ab-d110-d4d81d6d4c15}.Debug|Any CPU.ActiveCfg = Debug|Any CPU
		{f984cbc2-2ebb-38ab-d110-d4d81d6d4c15}.Debug|Any CPU.Build.0 = Debug|Any CPU
	EndGlobalSection
	GlobalSection(SolutionProperties) = preSolution
		HideSolutionNode = FALSE
	EndGlobalSection
EndGlobal
